
Microsoft Visual Studio Solution File, Format Version 12.00
# Visual Studio 15
VisualStudioVersion = 15.0.28307.421
MinimumVisualStudioVersion = 10.0.40219.1
Project("{FAE04EC0-301F-11D3-BF4B-00C04F79EFBC}") = "Easy.Console", "Easy.Console\Easy.Console.csproj", "{70ABBB40-5586-4136-B9B6-6D74B0BCB847}"
EndProject
Project("{FAE04EC0-301F-11D3-BF4B-00C04F79EFBC}") = "Easy.Utility", "Easy.Utility\Easy.Utility.csproj", "{AC397369-052D-4FCC-B7C5-9A54CB28FD7B}"
EndProject
Global
	GlobalSection(SolutionConfigurationPlatforms) = preSolution
		Debug|Any CPU = Debug|Any CPU
		Release|Any CPU = Release|Any CPU
	EndGlobalSection
	GlobalSection(ProjectConfigurationPlatforms) = postSolution
		{70ABBB40-5586-4136-B9B6-6D74B0BCB847}.Debug|Any CPU.ActiveCfg = Debug|Any CPU
		{70ABBB40-5586-4136-B9B6-6D74B0BCB847}.Debug|Any CPU.Build.0 = Debug|Any CPU
		{70ABBB40-5586-4136-B9B6-6D74B0BCB847}.Release|Any CPU.ActiveCfg = Release|Any CPU
		{70ABBB40-5586-4136-B9B6-6D74B0BCB847}.Release|Any CPU.Build.0 = Release|Any CPU
		{AC397369-052D-4FCC-B7C5-9A54CB28FD7B}.Debug|Any CPU.ActiveCfg = Debug|Any CPU
		{AC397369-052D-4FCC-B7C5-9A54CB28FD7B}.Debug|Any CPU.Build.0 = Debug|Any CPU
		{AC397369-052D-4FCC-B7C5-9A54CB28FD7B}.Release|Any CPU.ActiveCfg = Release|Any CPU
		{AC397369-052D-4FCC-B7C5-9A54CB28FD7B}.Release|Any CPU.Build.0 = Release|Any CPU
	EndGlobalSection
	GlobalSection(SolutionProperties) = preSolution
		HideSolutionNode = FALSE
	EndGlobalSection
	GlobalSection(ExtensibilityGlobals) = postSolution
		SolutionGuid = {505CE027-7E14-4E54-9D6B-08DE85DF9B4C}
	EndGlobalSection
EndGlobal
